
Microsoft Visual Studio Solution File, Format Version 12.00
# Visual Studio 14
VisualStudioVersion = 14.0.25420.1
MinimumVisualStudioVersion = 10.0.40219.1
Project("{FAE04EC0-301F-11D3-BF4B-00C04F79EFBC}") = "GUI_SecChecker_v3", "GUI_SecChecker_v3\GUI_SecChecker_v3.csproj", "{ACF57C5A-9B4D-4B70-AAF3-C6FEF6AC308B}"
EndProject
Global
	GlobalSection(SolutionConfigurationPlatforms) = preSolution
		Debug|Any CPU = Debug|Any CPU
		Release|Any CPU = Release|Any CPU
	EndGlobalSection
	GlobalSection(ProjectConfigurationPlatforms) = postSolution
		{ACF57C5A-9B4D-4B70-AAF3-C6FEF6AC308B}.Debug|Any CPU.ActiveCfg = Debug|Any CPU
		{ACF57C5A-9B4D-4B70-AAF3-C6FEF6AC308B}.Debug|Any CPU.Build.0 = Debug|Any CPU
		{ACF57C5A-9B4D-4B70-AAF3-C6FEF6AC308B}.Release|Any CPU.ActiveCfg = Release|Any CPU
		{ACF57C5A-9B4D-4B70-AAF3-C6FEF6AC308B}.Release|Any CPU.Build.0 = Release|Any CPU
	EndGlobalSection
	GlobalSection(SolutionProperties) = preSolution
		HideSolutionNode = FALSE
	EndGlobalSection
EndGlobal
